
Microsoft Visual Studio Solution File, Format Version 12.00
# Visual Studio Version 16
VisualStudioVersion = 16.0.30309.148
MinimumVisualStudioVersion = 10.0.40219.1
Project("{888888A0-9F3D-457C-B088-3A5042F75D52}") = "BasicProject", "BasicProject\BasicProject.pyproj", "{0614CAF7-0EFA-46B8-9082-DF4FAD15A11B}"
EndProject
Global
	GlobalSection(SolutionConfigurationPlatforms) = preSolution
		Debug|Any CPU = Debug|Any CPU
		Release|Any CPU = Release|Any CPU
	EndGlobalSection
	GlobalSection(ProjectConfigurationPlatforms) = postSolution
		{0614CAF7-0EFA-46B8-9082-DF4FAD15A11B}.Debug|Any CPU.ActiveCfg = Debug|Any CPU
		{0614CAF7-0EFA-46B8-9082-DF4FAD15A11B}.Debug|Any CPU.Build.0 = Debug|Any CPU
		{0614CAF7-0EFA-46B8-9082-DF4FAD15A11B}.Release|Any CPU.ActiveCfg = Release|Any CPU
		{0614CAF7-0EFA-46B8-9082-DF4FAD15A11B}.Release|Any CPU.Build.0 = Release|Any CPU
	EndGlobalSection
	GlobalSection(SolutionProperties) = preSolution
		HideSolutionNode = FALSE
	EndGlobalSection
	GlobalSection(ExtensibilityGlobals) = postSolution
		SolutionGuid = {034ECC3F-324C-4240-B253-033BADD295A4}
	EndGlobalSection
EndGlobal
